
Microsoft Visual Studio Solution File, Format Version 12.00
# Visual Studio Version 16
VisualStudioVersion = 16.0.31112.23
MinimumVisualStudioVersion = 10.0.40219.1
Project("{FAE04EC0-301F-11D3-BF4B-00C04F79EFBC}") = "Diary", "Diary\Diary.csproj", "{3799EE69-683B-4880-9864-3F671577B9F1}"
EndProject
Global
	GlobalSection(SolutionConfigurationPlatforms) = preSolution
		Debug|iPhone = Debug|iPhone
		Debug|iPhoneSimulator = Debug|iPhoneSimulator
		Release|iPhone = Release|iPhone
		Release|iPhoneSimulator = Release|iPhoneSimulator
	EndGlobalSection
	GlobalSection(ProjectConfigurationPlatforms) = postSolution
		{3799EE69-683B-4880-9864-3F671577B9F1}.Debug|iPhone.ActiveCfg = Debug|iPhone
		{3799EE69-683B-4880-9864-3F671577B9F1}.Debug|iPhone.Build.0 = Debug|iPhone
		{3799EE69-683B-4880-9864-3F671577B9F1}.Debug|iPhone.Deploy.0 = Debug|iPhone
		{3799EE69-683B-4880-9864-3F671577B9F1}.Debug|iPhoneSimulator.ActiveCfg = Debug|iPhoneSimulator
		{3799EE69-683B-4880-9864-3F671577B9F1}.Debug|iPhoneSimulator.Build.0 = Debug|iPhoneSimulator
		{3799EE69-683B-4880-9864-3F671577B9F1}.Debug|iPhoneSimulator.Deploy.0 = Debug|iPhoneSimulator
		{3799EE69-683B-4880-9864-3F671577B9F1}.Release|iPhone.ActiveCfg = Release|iPhone
		{3799EE69-683B-4880-9864-3F671577B9F1}.Release|iPhone.Build.0 = Release|iPhone
		{3799EE69-683B-4880-9864-3F671577B9F1}.Release|iPhone.Deploy.0 = Release|iPhone
		{3799EE69-683B-4880-9864-3F671577B9F1}.Release|iPhoneSimulator.ActiveCfg = Release|iPhoneSimulator
		{3799EE69-683B-4880-9864-3F671577B9F1}.Release|iPhoneSimulator.Build.0 = Release|iPhoneSimulator
		{3799EE69-683B-4880-9864-3F671577B9F1}.Release|iPhoneSimulator.Deploy.0 = Release|iPhoneSimulator
	EndGlobalSection
	GlobalSection(SolutionProperties) = preSolution
		HideSolutionNode = FALSE
	EndGlobalSection
	GlobalSection(ExtensibilityGlobals) = postSolution
		SolutionGuid = {AE63BB0D-AE77-4669-B3ED-54BD8179C118}
	EndGlobalSection
EndGlobal
